{
  "version": 4,
  "terraform_version": "0.12.24",
  "serial": 1,
  "lineage": "a039fd55-662a-8354-b57f-0771241c98ba",
  "outputs": {},
  "resources": [
    {
      "module": "module.cloud-mysql-server",
      "mode": "managed",
      "type": "google_sql_database_instance",
      "name": "master",
      "provider": "provider.google",
      "instances": [
        {
          "schema_version": 0,
          "attributes": {
            "clone": [],
            "connection_name": "kc-gke-wp:northamerica-northeast1:kc-gke-wp-sql-server",
            "database_version": "MYSQL_5_7",
            "deletion_protection": true,
            "first_ip_address": "35.203.9.105",
            "id": "kc-gke-wp-sql-server",
            "ip_address": [
              {
                "ip_address": "35.203.9.105",
                "time_to_retire": "",
                "type": "PRIMARY"
              }
            ],
            "master_instance_name": "",
            "name": "kc-gke-wp-sql-server",
            "private_ip_address": "",
            "project": "kc-gke-wp",
            "public_ip_address": "35.203.9.105",
            "region": "northamerica-northeast1",
            "replica_configuration": [],
            "restore_backup_context": [],
            "root_password": null,
            "self_link": "https://sqladmin.googleapis.com/sql/v1beta4/projects/kc-gke-wp/instances/kc-gke-wp-sql-server",
            "server_ca_cert": [
              {
                "cert": "-----BEGIN CERTIFICATE-----\nMIIDfzCCAmegAwIBAgIBADANBgkqhkiG9w0BAQsFADB3MS0wKwYDVQQuEyRkZDkx\nY2Q0Zi1lN2Y2LTRmOTQtYWUwMS1jNDdlZjRjZmNmMDcxIzAhBgNVBAMTGkdvb2ds\nZSBDbG91ZCBTUUwgU2VydmVyIENBMRQwEgYDVQQKEwtHb29nbGUsIEluYzELMAkG\nA1UEBhMCVVMwHhcNMjEwMzIyMDMzNDI0WhcNMzEwMzIwMDMzNTI0WjB3MS0wKwYD\nVQQuEyRkZDkxY2Q0Zi1lN2Y2LTRmOTQtYWUwMS1jNDdlZjRjZmNmMDcxIzAhBgNV\nBAMTGkdvb2dsZSBDbG91ZCBTUUwgU2VydmVyIENBMRQwEgYDVQQKEwtHb29nbGUs\nIEluYzELMAkGA1UEBhMCVVMwggEiMA0GCSqGSIb3DQEBAQUAA4IBDwAwggEKAoIB\nAQCb33SkbrOciSP+hotdqcNcdRF3a0BwpMTvQttBtDpv6O9DHeeAZn1IOPtm0yS3\nYWKXDlal3nB7oKOLqneUm5hHhco9oJiRktA2q7+FbJ761VwnSZ5DnkRONKnesXsu\nwl0Qmf/JmubtBGDMq3IdIY5fagm5s4D1jF3fzSxC0nA9bYF82LnKtbOD7tDDZBCc\nyRuqYasMCsoJb+STVwhrFibTkYlDCFl3nCCFtsU7RSDavdkjJuNECKDV6bcNCpZj\nJWaxWpi0TPKmIGBCEPLzhmy15ua+WjugVl7ULqo+79jR73yfzDSXBAWjO2OV2aMI\nbXuIw1uqfYNoCjhLaqFhdsQdAgMBAAGjFjAUMBIGA1UdEwEB/wQIMAYBAf8CAQAw\nDQYJKoZIhvcNAQELBQADggEBAB71uI9lz8Zp37e8cJg0UOH3ylwMStzUEElmCHd+\nx96M/31KL2GCD0uaLjonKZL+dO09315N/7bZGlp5UR4O3G2VCiAdJJYlPwCkFMzU\nNzsB8rtU28gz9egCuryJws45kYfDAZ3Z1h50sBQAD8vT4lX5u1n+0MSR5+8PGlG5\nuTH+tI7jaKGD9jTdBEDr74vi0mzahLArmkSaJjrQbzytl7nU9wlNKnrC9Iekv3li\ngBTB36QOzL8XvtQxXQnmaDR/hpOD09f4DWtlCd9q1osVc1XLhhmYQcUZVsZCZkBf\nCCtKWeiXjRX7vINeWvAnN51ybbfIvwOGP6VrcB68/hX2oHg=\n-----END CERTIFICATE-----",
                "common_name": "C=US,O=Google\\, Inc,CN=Google Cloud SQL Server CA,dnQualifier=dd91cd4f-e7f6-4f94-ae01-c47ef4cfcf07",
                "create_time": "2021-03-22T03:34:24.860Z",
                "expiration_time": "2031-03-20T03:35:24.860Z",
                "sha1_fingerprint": "54ced32edb058323fa3bb89b8eb3111c8eea7d62"
              }
            ],
            "service_account_email_address": "p851376528205-k1amzy@gcp-sa-cloud-sql.iam.gserviceaccount.com",
            "settings": [
              {
                "activation_policy": "ALWAYS",
                "authorized_gae_applications": [],
                "availability_type": "ZONAL",
                "backup_configuration": [
                  {
                    "backup_retention_settings": [
                      {
                        "retained_backups": 7,
                        "retention_unit": "COUNT"
                      }
                    ],
                    "binary_log_enabled": false,
                    "enabled": false,
                    "location": "",
                    "point_in_time_recovery_enabled": false,
                    "start_time": "05:00",
                    "transaction_log_retention_days": 7
                  }
                ],
                "crash_safe_replication": false,
                "database_flags": [],
                "disk_autoresize": true,
                "disk_size": 10,
                "disk_type": "PD_SSD",
                "insights_config": [],
                "ip_configuration": [
                  {
                    "authorized_networks": [],
                    "ipv4_enabled": true,
                    "private_network": "",
                    "require_ssl": false
                  }
                ],
                "location_preference": [
                  {
                    "follow_gae_application": "",
                    "zone": "northamerica-northeast1-a"
                  }
                ],
                "maintenance_window": [],
                "pricing_plan": "PER_USE",
                "replication_type": "SYNCHRONOUS",
                "tier": "db-f1-micro",
                "user_labels": {},
                "version": 1
              }
            ],
            "timeouts": null
          },
          "private": "eyJlMmJmYjczMC1lY2FhLTExZTYtOGY4OC0zNDM2M2JjN2M0YzAiOnsiY3JlYXRlIjoxMjAwMDAwMDAwMDAwLCJkZWxldGUiOjEyMDAwMDAwMDAwMDAsInVwZGF0ZSI6MTIwMDAwMDAwMDAwMH19"
        }
      ]
    }
  ]
}
